hash: f45c7db52d05bd8cc67b47edb96903433640776ec22ddc0788446c7b0e1453e3
updated: 2018-11-27T08:03:26.03877911Z
imports:
- name: github.com/alecthomas/chroma
  version: 813e33c8f4bbb30b08c0e823016735921d5b2cbf
  subpackages:
  - formatters
  - formatters/html
  - lexers
  - lexers/a
  - lexers/b
  - lexers/c
  - lexers/circular
  - lexers/d
  - lexers/e
  - lexers/f
  - lexers/g
  - lexers/h
  - lexers/i
  - lexers/internal
  - lexers/j
  - lexers/k
  - lexers/l
  - lexers/m
  - lexers/n
  - lexers/o
  - lexers/p
  - lexers/q
  - lexers/r
  - lexers/s
  - lexers/t
  - lexers/v
  - lexers/w
  - lexers/x
  - lexers/y
  - styles
- name: github.com/asdine/storm
  version: 5a6fe65e3993f63951c8e3f64c812536c9e23595
  subpackages:
  - codec
  - codec/json
  - index
  - internal
  - q
- name: github.com/BurntSushi/toml
  version: 3012a1dbe2e4bd1391d42b32f0577cb7bbc7f005
- name: github.com/chaseadamsio/goorgeous
  version: dcf1ef873b8987bf12596fe6951c48347986eb2f
- name: github.com/daaku/go.zipexe
  version: a5fe2436ffcb3236e175e5149162b41cd28bd27d
- name: github.com/danwakefield/fnmatch
  version: cbb64ac3d964b81592e64f957ad53df015803288
- name: github.com/dgrijalva/jwt-go
  version: 06ea1031745cb8b3dab3f6a236daf2b0aa468b7e
  subpackages:
  - request
- name: github.com/dlclark/regexp2
  version: 7632a260cbaf5e7594fc1544a503456ecd0827f1
  subpackages:
  - syntax
- name: github.com/dsnet/compress
  version: cc9eb1d7ad760af14e8f918698f745e80377af4f
  subpackages:
  - bzip2
  - bzip2/internal/sais
  - internal
  - internal/errors
  - internal/prefix
- name: github.com/flynn/go-shlex
  version: 3f9db97f856818214da2e1057f8ad84803971cff
  repo: https://github.com/flynn/go-shlex
- name: github.com/fsnotify/fsnotify
  version: ccc981bf80385c528a65fbfdd49bf2d8da22aa23
- name: github.com/GeertJohan/go.rice
  version: c02ca9a983da5807ddf7d796784928f5be4afd09
  subpackages:
  - embedded
- name: github.com/gohugoio/hugo
  version: 4f335f0c7f83daa32906e8e40c7ac225efa113de
  subpackages:
  - bufferpool
  - common/collections
  - common/herrors
  - common/hugio
  - common/maps
  - common/math
  - common/terminal
  - common/text
  - compare
  - config
  - docshelper
  - helpers
  - hugofs
  - hugolib/filesystems
  - hugolib/paths
  - langs
  - parser
  - parser/metadecoders
  - parser/pageparser
- name: github.com/golang/snappy
  version: 2e65f85255dbc3072edf28d6b5b8efc472979f5a
- name: github.com/google/uuid
  version: dec09d789f3dba190787f8b4454c7d3c936fed9e
  repo: https://github.com/google/uuid
- name: github.com/gorilla/websocket
  version: 66b9c49e59c6c48f0ffce28c2d8b8a5678502c6d
- name: github.com/hacdias/fileutils
  version: 76b1c6ab906773727a1ce2f7fb22830685166f85
- name: github.com/hacdias/varutils
  version: 82d3b57f667a756cfc4b1535951b46878881f3e1
- name: github.com/hashicorp/go-immutable-radix
  version: 27df80928bb34bb1b0d6d0e01b9e679902e7a6b5
- name: github.com/hashicorp/golang-lru
  version: 20f1fb78b0740ba8c3cb143a61e86ba5c8669768
  subpackages:
  - simplelru
- name: github.com/hashicorp/hcl
  version: 65a6292f0157eff210d03ed1bf6c59b190b8b906
  subpackages:
  - hcl/ast
  - hcl/parser
  - hcl/printer
  - hcl/scanner
  - hcl/strconv
  - hcl/token
  - json/parser
  - json/scanner
  - json/token
- name: github.com/inconshreveable/mousetrap
  version: 76626ae9c91c4f2a10f34cad8ce83ea42c93bb75
- name: github.com/jdkato/prose
  version: a179b97cfa6fc3949fe1bcd21e01011bc17f4c2f
  subpackages:
  - internal/util
  - transform
- name: github.com/kardianos/osext
  version: ae77be60afb1dcacde03767a8c37337fad28ac14
- name: github.com/kyokomi/emoji
  version: 2e9a9507333f3ee28f3fab88c2c3aba34455d734
- name: github.com/magiconair/properties
  version: 7c38529aac7222391b7a2661365177a97e21b998
- name: github.com/maruel/natural
  version: dbcb3e2e8cf10eb839718ba666ef1e21b1c8b847
- name: github.com/mattn/go-isatty
  version: 3fb116b820352b7f0c281308a4d6250c22d94e27
- name: github.com/mattn/go-runewidth
  version: c88d7e5f2e24de48a200a2655ac8a0910be9a0f7
- name: github.com/mholt/archiver
  version: de0d89e255e17c8d75a40122055763e743ab0593
- name: github.com/mholt/caddy
  version: 6f580c6aa36c54c3e1c65b5c609550a8a2508e3e
  subpackages:
  - caddyfile
  - telemetry
- name: github.com/miekg/mmark
  version: 4a113919b52e731d8886e79b19292535937b8ce2
- name: github.com/mitchellh/go-homedir
  version: ae18d6b8b3205b561c79e8e5f69bff09736185f4
- name: github.com/mitchellh/mapstructure
  version: 3536a929edddb9a5b34bd6861dc4a9647cb459fe
- name: github.com/nwaples/rardecode
  version: 197ef08ef68c4454ae5970a9c2692d6056ceb8d7
- name: github.com/olekukonko/tablewriter
  version: e6d60cf7ba1f42d86d54cdf5508611c4aafb3970
- name: github.com/pelletier/go-toml
  version: 27c6b39a135b7dc87a14afb068809132fb7a9a8f
- name: github.com/pierrec/lz4
  version: 623b5a2f4d2a41e411730dcdfbfdaeb5c0c4564e
  subpackages:
  - internal/xxh32
- name: github.com/pkg/errors
  version: 059132a15dd08d6704c67711dae0cf35ab991756
- name: github.com/PuerkitoBio/purell
  version: 975f53781597ed779763b7b65566e74c4004d8de
- name: github.com/PuerkitoBio/urlesc
  version: de5bf2ad457846296e2031421a34e2568e304e35
- name: github.com/robfig/cron
  version: b41be1df696709bb6395fe435af20370037c0b4c
- name: github.com/russross/blackfriday
  version: 067529f716f4c3f5e37c8c95ddd59df1007290ae
  repo: https://github.com/russross/blackfriday
- name: github.com/shurcooL/sanitized_anchor_name
  version: 10ef21a441db47d8b13ebcc5fd2310f636973c77
- name: github.com/spf13/afero
  version: d40851caa0d747393da1ffb28f7f9d8b4eeffebd
  subpackages:
  - mem
- name: github.com/spf13/cast
  version: 8c9545af88b134710ab1cd196795e7f2388358d7
- name: github.com/spf13/cobra
  version: ef82de70bb3f60c65fb8eebacbb2d122ef517385
- name: github.com/spf13/jwalterweatherman
  version: 94f6ae3ed3bceceafa716478c5fbf8d29ca601a1
- name: github.com/spf13/pflag
  version: aea12ed6721610dc6ed40141676d7ab0a1dac9e9
- name: github.com/spf13/viper
  version: 2c12c60302a5a0e62ee102ca9bc996277c2f64f5
- name: github.com/ulikunitz/xz
  version: 590df8077fbcb06ad62d7714da06c00e5dd2316d
  subpackages:
  - internal/hash
  - internal/xlog
  - lzma
- name: github.com/xi2/xz
  version: 48954b6210f8d154cb5f8484d3a3e1f83489309e
- name: go.etcd.io/bbolt
  version: 7ee3ded59d4835e10f3e7d0f7603c42aa5e83820
- name: golang.org/x/crypto
  version: 94eea52f7b742c7cbe0b03b22f0c4c8631ece122
  subpackages:
  - bcrypt
  - blowfish
- name: golang.org/x/net
  version: f5079bd7f6f74e23c4d65efa0f4ce14cbd6a3c0f
  repo: https://go.googlesource.com/net
  subpackages:
  - context
  - http/httpguts
  - http2
  - idna
  - lex/httplex
  - publicsuffix
- name: golang.org/x/sys
  version: 49385e6e15226593f68b26af201feec29d5bba22
  repo: https://go.googlesource.com/sys
  subpackages:
  - cpu
  - unix
- name: golang.org/x/text
  version: 836efe42bb4aa16aaa17b9c155d8813d336ed720
  repo: https://go.googlesource.com/text
  subpackages:
  - internal/gen
  - internal/triegen
  - internal/ucd
  - secure/bidirule
  - transform
  - unicode/bidi
  - unicode/cldr
  - unicode/norm
  - unicode/rangetable
  - width
- name: gopkg.in/natefinch/lumberjack.v2
  version: a96e63847dc3c67d17befa69c303767e2f84e54f
- name: gopkg.in/yaml.v2
  version: 25c4ec802a7d637f88d584ab26798e94ad14c13b
testImports: []
